{
  "object": {
    "pins": [
      {
        "package": "combine-schedulers",
        "repositoryURL": "https://github.com/Incetro/combine-schedulers",
        "state": {
          "branch": "master",
          "revision": "11eca5e8ec022b8ee9a54522f3a3378220660d4b",
          "version": null
        }
      },
      {
        "package": "enum-key-paths",
        "repositoryURL": "https://github.com/Incetro/enum-key-paths",
        "state": {
          "branch": "master",
          "revision": "47b0d56ce2acca912902ab9997b50fe357c9ffcd",
          "version": null
        }
      },
      {
        "package": "verse",
        "repositoryURL": "https://github.com/Incetro/verse",
        "state": {
          "branch": "master",
          "revision": "c14eb2ef1450c0f7a8c1f7cca9bc3f5bacafcb41",
          "version": null
        }
      },
      {
        "package": "xctest-interface-adapter",
        "repositoryURL": "https://github.com/Incetro/xctest-interface-adapter",
        "state": {
          "branch": "master",
          "revision": "cfb4786a3fef4f9e8a88da7b2abe3490e8159772",
          "version": null
        }
      }
    ]
  },
  "version": 1
}
