// !$*UTF8*$!
{
	archiveVersion = 1;
	classes = {
	};
	objectVersion = 55;
	objects = {

/* Begin PBXBuildFile section */
		CB1BDDFE27A8427B00D17723 /* NavigationModuleView.swift in Sources */ = {isa = PBXBuildFile; fileRef = CB1BDDFD27A8427B00D17723 /* NavigationModuleView.swift */; };
		CB1BDE0027A86F7300D17723 /* NavigationModuleReducer.swift in Sources */ = {isa = PBXBuildFile; fileRef = CB1BDDFF27A86F7300D17723 /* NavigationModuleReducer.swift */; };
		CB1BDE0227A86F7B00D17723 /* NavigationModuleState.swift in Sources */ = {isa = PBXBuildFile; fileRef = CB1BDE0127A86F7B00D17723 /* NavigationModuleState.swift */; };
		CB1BDE0427A86F8500D17723 /* NavigationModuleEnvironment.swift in Sources */ = {isa = PBXBuildFile; fileRef = CB1BDE0327A86F8500D17723 /* NavigationModuleEnvironment.swift */; };
		CB1BDE0627A86F8C00D17723 /* NavigationModuleAction.swift in Sources */ = {isa = PBXBuildFile; fileRef = CB1BDE0527A86F8C00D17723 /* NavigationModuleAction.swift */; };
		CB1BDE0E27AAC5BC00D17723 /* AlertAndSheetState.swift in Sources */ = {isa = PBXBuildFile; fileRef = CB1BDE0D27AAC5BC00D17723 /* AlertAndSheetState.swift */; };
		CB1BDE1027AAC63800D17723 /* AlertAndSheetAction.swift in Sources */ = {isa = PBXBuildFile; fileRef = CB1BDE0F27AAC63800D17723 /* AlertAndSheetAction.swift */; };
		CB1BDE1227AAC9A200D17723 /* AlertAndSheetEnvironment.swift in Sources */ = {isa = PBXBuildFile; fileRef = CB1BDE1127AAC9A200D17723 /* AlertAndSheetEnvironment.swift */; };
		CB1BDE1427AAC9E400D17723 /* AlertAndSheetReducer.swift in Sources */ = {isa = PBXBuildFile; fileRef = CB1BDE1327AAC9E400D17723 /* AlertAndSheetReducer.swift */; };
		CB1BDE1627AAD55E00D17723 /* AlertAndSheetView.swift in Sources */ = {isa = PBXBuildFile; fileRef = CB1BDE1527AAD55E00D17723 /* AlertAndSheetView.swift */; };
		CB1BDE2227AAE10C00D17723 /* SimpleBindingReducer.swift in Sources */ = {isa = PBXBuildFile; fileRef = CB1BDE1927AAE10C00D17723 /* SimpleBindingReducer.swift */; };
		CB1BDE2327AAE10C00D17723 /* SimpleBindingState.swift in Sources */ = {isa = PBXBuildFile; fileRef = CB1BDE1B27AAE10C00D17723 /* SimpleBindingState.swift */; };
		CB1BDE2427AAE10C00D17723 /* SimpleBindingAction.swift in Sources */ = {isa = PBXBuildFile; fileRef = CB1BDE1D27AAE10C00D17723 /* SimpleBindingAction.swift */; };
		CB1BDE2527AAE10C00D17723 /* SimpleBindingView.swift in Sources */ = {isa = PBXBuildFile; fileRef = CB1BDE1F27AAE10C00D17723 /* SimpleBindingView.swift */; };
		CB1BDE2627AAE10C00D17723 /* SimpleBindingEnvironment.swift in Sources */ = {isa = PBXBuildFile; fileRef = CB1BDE2127AAE10C00D17723 /* SimpleBindingEnvironment.swift */; };
		CB30865527A7F947007BD093 /* UniversityApp.swift in Sources */ = {isa = PBXBuildFile; fileRef = CB30865427A7F947007BD093 /* UniversityApp.swift */; };
		CB30865727A7F947007BD093 /* CounterView.swift in Sources */ = {isa = PBXBuildFile; fileRef = CB30865627A7F947007BD093 /* CounterView.swift */; };
		CB30865927A7F948007BD093 /* Assets.xcassets in Resources */ = {isa = PBXBuildFile; fileRef = CB30865827A7F948007BD093 /* Assets.xcassets */; };
		CB30865C27A7F948007BD093 /* Preview Assets.xcassets in Resources */ = {isa = PBXBuildFile; fileRef = CB30865B27A7F948007BD093 /* Preview Assets.xcassets */; };
		CB30866427A7F9E3007BD093 /* VERSE in Frameworks */ = {isa = PBXBuildFile; productRef = CB30866327A7F9E3007BD093 /* VERSE */; };
		CB30866627A7FBF1007BD093 /* CounterState.swift in Sources */ = {isa = PBXBuildFile; fileRef = CB30866527A7FBF1007BD093 /* CounterState.swift */; };
		CB30866927A7FC23007BD093 /* CounterAction.swift in Sources */ = {isa = PBXBuildFile; fileRef = CB30866827A7FC23007BD093 /* CounterAction.swift */; };
		CB30866B27A7FE36007BD093 /* CounterReducer.swift in Sources */ = {isa = PBXBuildFile; fileRef = CB30866A27A7FE36007BD093 /* CounterReducer.swift */; };
		CB30866D27A7FE74007BD093 /* CounterEnvironment.swift in Sources */ = {isa = PBXBuildFile; fileRef = CB30866C27A7FE74007BD093 /* CounterEnvironment.swift */; };
		CB8A07FD27AB01DD006828AC /* FlexibleBindingReducer.swift in Sources */ = {isa = PBXBuildFile; fileRef = CB8A07F427AB01DD006828AC /* FlexibleBindingReducer.swift */; };
		CB8A07FE27AB01DD006828AC /* FlexibleBindingState.swift in Sources */ = {isa = PBXBuildFile; fileRef = CB8A07F627AB01DD006828AC /* FlexibleBindingState.swift */; };
		CB8A07FF27AB01DD006828AC /* FlexibleBindingAction.swift in Sources */ = {isa = PBXBuildFile; fileRef = CB8A07F827AB01DD006828AC /* FlexibleBindingAction.swift */; };
		CB8A080027AB01DD006828AC /* FlexibleBindingView.swift in Sources */ = {isa = PBXBuildFile; fileRef = CB8A07FA27AB01DD006828AC /* FlexibleBindingView.swift */; };
		CB8A080127AB01DD006828AC /* FlexibleBindingEnvironment.swift in Sources */ = {isa = PBXBuildFile; fileRef = CB8A07FC27AB01DD006828AC /* FlexibleBindingEnvironment.swift */; };
		CB8A081427AC420F006828AC /* JustEffectReducer.swift in Sources */ = {isa = PBXBuildFile; fileRef = CB8A080B27AC420F006828AC /* JustEffectReducer.swift */; };
		CB8A081527AC420F006828AC /* JustEffectState.swift in Sources */ = {isa = PBXBuildFile; fileRef = CB8A080D27AC420F006828AC /* JustEffectState.swift */; };
		CB8A081627AC420F006828AC /* JustEffectAction.swift in Sources */ = {isa = PBXBuildFile; fileRef = CB8A080F27AC420F006828AC /* JustEffectAction.swift */; };
		CB8A081727AC420F006828AC /* JustEffectView.swift in Sources */ = {isa = PBXBuildFile; fileRef = CB8A081127AC420F006828AC /* JustEffectView.swift */; };
		CB8A081827AC420F006828AC /* JustEffectEnvironment.swift in Sources */ = {isa = PBXBuildFile; fileRef = CB8A081327AC420F006828AC /* JustEffectEnvironment.swift */; };
		CB8A081F27AC461B006828AC /* NumberFactService.swift in Sources */ = {isa = PBXBuildFile; fileRef = CB8A081E27AC461B006828AC /* NumberFactService.swift */; };
		CB8A082127AC4627006828AC /* NumberFactServiceImplementation.swift in Sources */ = {isa = PBXBuildFile; fileRef = CB8A082027AC4627006828AC /* NumberFactServiceImplementation.swift */; };
		CB8A082E27AC663F006828AC /* ScramblerReducer.swift in Sources */ = {isa = PBXBuildFile; fileRef = CB8A082527AC663F006828AC /* ScramblerReducer.swift */; };
		CB8A082F27AC663F006828AC /* ScramblerState.swift in Sources */ = {isa = PBXBuildFile; fileRef = CB8A082727AC663F006828AC /* ScramblerState.swift */; };
		CB8A083027AC663F006828AC /* ScramblerAction.swift in Sources */ = {isa = PBXBuildFile; fileRef = CB8A082927AC663F006828AC /* ScramblerAction.swift */; };
		CB8A083127AC663F006828AC /* ScramblerView.swift in Sources */ = {isa = PBXBuildFile; fileRef = CB8A082B27AC663F006828AC /* ScramblerView.swift */; };
		CB8A083227AC663F006828AC /* ScramblerEnvironment.swift in Sources */ = {isa = PBXBuildFile; fileRef = CB8A082D27AC663F006828AC /* ScramblerEnvironment.swift */; };
		CB8A083527AC6CDF006828AC /* ScrumbleGenerator.swift in Sources */ = {isa = PBXBuildFile; fileRef = CB8A083427AC6CDF006828AC /* ScrumbleGenerator.swift */; };
		CB8A083727AC6CE7006828AC /* ScrumbleGeneratorImplementation.swift in Sources */ = {isa = PBXBuildFile; fileRef = CB8A083627AC6CE7006828AC /* ScrumbleGeneratorImplementation.swift */; };
		CB8A084327AD6AD6006828AC /* TimerCounterReducer.swift in Sources */ = {isa = PBXBuildFile; fileRef = CB8A083A27AD6AD6006828AC /* TimerCounterReducer.swift */; };
		CB8A084427AD6AD6006828AC /* TimerCounterState.swift in Sources */ = {isa = PBXBuildFile; fileRef = CB8A083C27AD6AD6006828AC /* TimerCounterState.swift */; };
		CB8A084527AD6AD6006828AC /* TimerCounterAction.swift in Sources */ = {isa = PBXBuildFile; fileRef = CB8A083E27AD6AD6006828AC /* TimerCounterAction.swift */; };
		CB8A084627AD6AD6006828AC /* TimerCounterView.swift in Sources */ = {isa = PBXBuildFile; fileRef = CB8A084027AD6AD6006828AC /* TimerCounterView.swift */; };
		CB8A084727AD6AD6006828AC /* TimerCounterEnvironment.swift in Sources */ = {isa = PBXBuildFile; fileRef = CB8A084227AD6AD6006828AC /* TimerCounterEnvironment.swift */; };
		CB8A085327AD6B8C006828AC /* TimerReducer.swift in Sources */ = {isa = PBXBuildFile; fileRef = CB8A084A27AD6B8C006828AC /* TimerReducer.swift */; };
		CB8A085427AD6B8C006828AC /* TimerState.swift in Sources */ = {isa = PBXBuildFile; fileRef = CB8A084C27AD6B8C006828AC /* TimerState.swift */; };
		CB8A085527AD6B8C006828AC /* TimerAction.swift in Sources */ = {isa = PBXBuildFile; fileRef = CB8A084E27AD6B8C006828AC /* TimerAction.swift */; };
		CB8A085627AD6B8C006828AC /* TimerView.swift in Sources */ = {isa = PBXBuildFile; fileRef = CB8A085027AD6B8C006828AC /* TimerView.swift */; };
		CB8A085727AD6B8C006828AC /* TimerEnvironment.swift in Sources */ = {isa = PBXBuildFile; fileRef = CB8A085227AD6B8C006828AC /* TimerEnvironment.swift */; };
		CB8A085C27AD6FA2006828AC /* ProgressRingView.swift in Sources */ = {isa = PBXBuildFile; fileRef = CB8A085B27AD6FA2006828AC /* ProgressRingView.swift */; };
		CB8A086827AD893A006828AC /* AnimatedTimersReducer.swift in Sources */ = {isa = PBXBuildFile; fileRef = CB8A085F27AD893A006828AC /* AnimatedTimersReducer.swift */; };
		CB8A086927AD893A006828AC /* AnimatedTimersState.swift in Sources */ = {isa = PBXBuildFile; fileRef = CB8A086127AD893A006828AC /* AnimatedTimersState.swift */; };
		CB8A086A27AD893A006828AC /* AnimatedTimersAction.swift in Sources */ = {isa = PBXBuildFile; fileRef = CB8A086327AD893A006828AC /* AnimatedTimersAction.swift */; };
		CB8A086B27AD893A006828AC /* AnimatedTimersView.swift in Sources */ = {isa = PBXBuildFile; fileRef = CB8A086527AD893A006828AC /* AnimatedTimersView.swift */; };
		CB8A086C27AD893A006828AC /* AnimatedTimersEnvironment.swift in Sources */ = {isa = PBXBuildFile; fileRef = CB8A086727AD893A006828AC /* AnimatedTimersEnvironment.swift */; };
		CB8A087027AD8B6E006828AC /* Color.swift in Sources */ = {isa = PBXBuildFile; fileRef = CB8A086F27AD8B6E006828AC /* Color.swift */; };
		CB9CCD9227A80E09004FAA6A /* AnalyzableCounterState.swift in Sources */ = {isa = PBXBuildFile; fileRef = CB9CCD8D27A80E09004FAA6A /* AnalyzableCounterState.swift */; };
		CB9CCD9327A80E09004FAA6A /* AnalyzableCounterEnvironment.swift in Sources */ = {isa = PBXBuildFile; fileRef = CB9CCD8E27A80E09004FAA6A /* AnalyzableCounterEnvironment.swift */; };
		CB9CCD9427A80E09004FAA6A /* AnalyzableCounterAction.swift in Sources */ = {isa = PBXBuildFile; fileRef = CB9CCD8F27A80E09004FAA6A /* AnalyzableCounterAction.swift */; };
		CB9CCD9527A80E09004FAA6A /* AnalyzableCounterReducer.swift in Sources */ = {isa = PBXBuildFile; fileRef = CB9CCD9027A80E09004FAA6A /* AnalyzableCounterReducer.swift */; };
		CB9CCD9627A80E09004FAA6A /* AnalyzableCounterView.swift in Sources */ = {isa = PBXBuildFile; fileRef = CB9CCD9127A80E09004FAA6A /* AnalyzableCounterView.swift */; };
		CB9CCD9D27A81ABE004FAA6A /* FibonacciCounterState.swift in Sources */ = {isa = PBXBuildFile; fileRef = CB9CCD9827A81ABE004FAA6A /* FibonacciCounterState.swift */; };
		CB9CCD9E27A81ABE004FAA6A /* FibonacciCounterView.swift in Sources */ = {isa = PBXBuildFile; fileRef = CB9CCD9927A81ABE004FAA6A /* FibonacciCounterView.swift */; };
		CB9CCD9F27A81ABE004FAA6A /* FibonacciCounterReducer.swift in Sources */ = {isa = PBXBuildFile; fileRef = CB9CCD9A27A81ABE004FAA6A /* FibonacciCounterReducer.swift */; };
		CB9CCDA027A81ABE004FAA6A /* FibonacciCounterEnvironment.swift in Sources */ = {isa = PBXBuildFile; fileRef = CB9CCD9B27A81ABE004FAA6A /* FibonacciCounterEnvironment.swift */; };
		CB9CCDA127A81ABE004FAA6A /* FibonacciCounterAction.swift in Sources */ = {isa = PBXBuildFile; fileRef = CB9CCD9C27A81ABE004FAA6A /* FibonacciCounterAction.swift */; };
		CB9CCDA427A81C27004FAA6A /* Int.swift in Sources */ = {isa = PBXBuildFile; fileRef = CB9CCDA327A81C26004FAA6A /* Int.swift */; };
		CB9CCDAC27A82077004FAA6A /* MegaCounterView.swift in Sources */ = {isa = PBXBuildFile; fileRef = CB9CCDA727A82077004FAA6A /* MegaCounterView.swift */; };
		CB9CCDAD27A82077004FAA6A /* MegaCounterReducer.swift in Sources */ = {isa = PBXBuildFile; fileRef = CB9CCDA827A82077004FAA6A /* MegaCounterReducer.swift */; };
		CB9CCDAE27A82077004FAA6A /* MegaCounterState.swift in Sources */ = {isa = PBXBuildFile; fileRef = CB9CCDA927A82077004FAA6A /* MegaCounterState.swift */; };
		CB9CCDAF27A82077004FAA6A /* MegaCounterEnvironment.swift in Sources */ = {isa = PBXBuildFile; fileRef = CB9CCDAA27A82077004FAA6A /* MegaCounterEnvironment.swift */; };
		CB9CCDB027A82077004FAA6A /* MegaCounterAction.swift in Sources */ = {isa = PBXBuildFile; fileRef = CB9CCDAB27A82077004FAA6A /* MegaCounterAction.swift */; };
		CBA0C9FB27AE870200A861EF /* CircleButton.swift in Sources */ = {isa = PBXBuildFile; fileRef = CBA0C9FA27AE870100A861EF /* CircleButton.swift */; };
		CBD0DEF727B1762900389756 /* BetterAnimatedTimersReducer.swift in Sources */ = {isa = PBXBuildFile; fileRef = CBD0DEEE27B1762900389756 /* BetterAnimatedTimersReducer.swift */; };
		CBD0DEF827B1762900389756 /* BetterAnimatedTimersState.swift in Sources */ = {isa = PBXBuildFile; fileRef = CBD0DEF027B1762900389756 /* BetterAnimatedTimersState.swift */; };
		CBD0DEF927B1762900389756 /* BetterAnimatedTimersAction.swift in Sources */ = {isa = PBXBuildFile; fileRef = CBD0DEF227B1762900389756 /* BetterAnimatedTimersAction.swift */; };
		CBD0DEFA27B1762900389756 /* BetterAnimatedTimersView.swift in Sources */ = {isa = PBXBuildFile; fileRef = CBD0DEF427B1762900389756 /* BetterAnimatedTimersView.swift */; };
		CBD0DEFB27B1762900389756 /* BetterAnimatedTimersEnvironment.swift in Sources */ = {isa = PBXBuildFile; fileRef = CBD0DEF627B1762900389756 /* BetterAnimatedTimersEnvironment.swift */; };
		CBD0DEFD27B1803E00389756 /* MutableCollection.swift in Sources */ = {isa = PBXBuildFile; fileRef = CBD0DEFC27B1803E00389756 /* MutableCollection.swift */; };
/* End PBXBuildFile section */

/* Begin PBXFileReference section */
		CB1BDDFD27A8427B00D17723 /* NavigationModuleView.swift */ = {isa = PBXFileReference; fileEncoding = 4; lastKnownFileType = sourcecode.swift; path = NavigationModuleView.swift; sourceTree = "<group>"; };
		CB1BDDFF27A86F7300D17723 /* NavigationModuleReducer.swift */ = {isa = PBXFileReference; lastKnownFileType = sourcecode.swift; path = NavigationModuleReducer.swift; sourceTree = "<group>"; };
		CB1BDE0127A86F7B00D17723 /* NavigationModuleState.swift */ = {isa = PBXFileReference; lastKnownFileType = sourcecode.swift; path = NavigationModuleState.swift; sourceTree = "<group>"; };
		CB1BDE0327A86F8500D17723 /* NavigationModuleEnvironment.swift */ = {isa = PBXFileReference; lastKnownFileType = sourcecode.swift; path = NavigationModuleEnvironment.swift; sourceTree = "<group>"; };
		CB1BDE0527A86F8C00D17723 /* NavigationModuleAction.swift */ = {isa = PBXFileReference; lastKnownFileType = sourcecode.swift; path = NavigationModuleAction.swift; sourceTree = "<group>"; };
		CB1BDE0D27AAC5BC00D17723 /* AlertAndSheetState.swift */ = {isa = PBXFileReference; lastKnownFileType = sourcecode.swift; path = AlertAndSheetState.swift; sourceTree = "<group>"; };
		CB1BDE0F27AAC63800D17723 /* AlertAndSheetAction.swift */ = {isa = PBXFileReference; lastKnownFileType = sourcecode.swift; path = AlertAndSheetAction.swift; sourceTree = "<group>"; };
		CB1BDE1127AAC9A200D17723 /* AlertAndSheetEnvironment.swift */ = {isa = PBXFileReference; lastKnownFileType = sourcecode.swift; path = AlertAndSheetEnvironment.swift; sourceTree = "<group>"; };
		CB1BDE1327AAC9E400D17723 /* AlertAndSheetReducer.swift */ = {isa = PBXFileReference; lastKnownFileType = sourcecode.swift; path = AlertAndSheetReducer.swift; sourceTree = "<group>"; };
		CB1BDE1527AAD55E00D17723 /* AlertAndSheetView.swift */ = {isa = PBXFileReference; lastKnownFileType = sourcecode.swift; path = AlertAndSheetView.swift; sourceTree = "<group>"; };
		CB1BDE1927AAE10C00D17723 /* SimpleBindingReducer.swift */ = {isa = PBXFileReference; fileEncoding = 4; lastKnownFileType = sourcecode.swift; path = SimpleBindingReducer.swift; sourceTree = "<group>"; };
		CB1BDE1B27AAE10C00D17723 /* SimpleBindingState.swift */ = {isa = PBXFileReference; fileEncoding = 4; lastKnownFileType = sourcecode.swift; path = SimpleBindingState.swift; sourceTree = "<group>"; };
		CB1BDE1D27AAE10C00D17723 /* SimpleBindingAction.swift */ = {isa = PBXFileReference; fileEncoding = 4; lastKnownFileType = sourcecode.swift; path = SimpleBindingAction.swift; sourceTree = "<group>"; };
		CB1BDE1F27AAE10C00D17723 /* SimpleBindingView.swift */ = {isa = PBXFileReference; fileEncoding = 4; lastKnownFileType = sourcecode.swift; path = SimpleBindingView.swift; sourceTree = "<group>"; };
		CB1BDE2127AAE10C00D17723 /* SimpleBindingEnvironment.swift */ = {isa = PBXFileReference; fileEncoding = 4; lastKnownFileType = sourcecode.swift; path = SimpleBindingEnvironment.swift; sourceTree = "<group>"; };
		CB30865127A7F947007BD093 /* University.app */ = {isa = PBXFileReference; explicitFileType = wrapper.application; includeInIndex = 0; path = University.app; sourceTree = BUILT_PRODUCTS_DIR; };
		CB30865427A7F947007BD093 /* UniversityApp.swift */ = {isa = PBXFileReference; lastKnownFileType = sourcecode.swift; path = UniversityApp.swift; sourceTree = "<group>"; };
		CB30865627A7F947007BD093 /* CounterView.swift */ = {isa = PBXFileReference; lastKnownFileType = sourcecode.swift; path = CounterView.swift; sourceTree = "<group>"; };
		CB30865827A7F948007BD093 /* Assets.xcassets */ = {isa = PBXFileReference; lastKnownFileType = folder.assetcatalog; path = Assets.xcassets; sourceTree = "<group>"; };
		CB30865B27A7F948007BD093 /* Preview Assets.xcassets */ = {isa = PBXFileReference; lastKnownFileType = folder.assetcatalog; path = "Preview Assets.xcassets"; sourceTree = "<group>"; };
		CB30866527A7FBF1007BD093 /* CounterState.swift */ = {isa = PBXFileReference; lastKnownFileType = sourcecode.swift; path = CounterState.swift; sourceTree = "<group>"; };
		CB30866827A7FC23007BD093 /* CounterAction.swift */ = {isa = PBXFileReference; lastKnownFileType = sourcecode.swift; path = CounterAction.swift; sourceTree = "<group>"; };
		CB30866A27A7FE36007BD093 /* CounterReducer.swift */ = {isa = PBXFileReference; lastKnownFileType = sourcecode.swift; path = CounterReducer.swift; sourceTree = "<group>"; };
		CB30866C27A7FE74007BD093 /* CounterEnvironment.swift */ = {isa = PBXFileReference; lastKnownFileType = sourcecode.swift; path = CounterEnvironment.swift; sourceTree = "<group>"; };
		CB8A07F427AB01DD006828AC /* FlexibleBindingReducer.swift */ = {isa = PBXFileReference; fileEncoding = 4; lastKnownFileType = sourcecode.swift; path = FlexibleBindingReducer.swift; sourceTree = "<group>"; };
		CB8A07F627AB01DD006828AC /* FlexibleBindingState.swift */ = {isa = PBXFileReference; fileEncoding = 4; lastKnownFileType = sourcecode.swift; path = FlexibleBindingState.swift; sourceTree = "<group>"; };
		CB8A07F827AB01DD006828AC /* FlexibleBindingAction.swift */ = {isa = PBXFileReference; fileEncoding = 4; lastKnownFileType = sourcecode.swift; path = FlexibleBindingAction.swift; sourceTree = "<group>"; };
		CB8A07FA27AB01DD006828AC /* FlexibleBindingView.swift */ = {isa = PBXFileReference; fileEncoding = 4; lastKnownFileType = sourcecode.swift; path = FlexibleBindingView.swift; sourceTree = "<group>"; };
		CB8A07FC27AB01DD006828AC /* FlexibleBindingEnvironment.swift */ = {isa = PBXFileReference; fileEncoding = 4; lastKnownFileType = sourcecode.swift; path = FlexibleBindingEnvironment.swift; sourceTree = "<group>"; };
		CB8A080B27AC420F006828AC /* JustEffectReducer.swift */ = {isa = PBXFileReference; fileEncoding = 4; lastKnownFileType = sourcecode.swift; path = JustEffectReducer.swift; sourceTree = "<group>"; };
		CB8A080D27AC420F006828AC /* JustEffectState.swift */ = {isa = PBXFileReference; fileEncoding = 4; lastKnownFileType = sourcecode.swift; path = JustEffectState.swift; sourceTree = "<group>"; };
		CB8A080F27AC420F006828AC /* JustEffectAction.swift */ = {isa = PBXFileReference; fileEncoding = 4; lastKnownFileType = sourcecode.swift; path = JustEffectAction.swift; sourceTree = "<group>"; };
		CB8A081127AC420F006828AC /* JustEffectView.swift */ = {isa = PBXFileReference; fileEncoding = 4; lastKnownFileType = sourcecode.swift; path = JustEffectView.swift; sourceTree = "<group>"; };
		CB8A081327AC420F006828AC /* JustEffectEnvironment.swift */ = {isa = PBXFileReference; fileEncoding = 4; lastKnownFileType = sourcecode.swift; path = JustEffectEnvironment.swift; sourceTree = "<group>"; };
		CB8A081E27AC461B006828AC /* NumberFactService.swift */ = {isa = PBXFileReference; lastKnownFileType = sourcecode.swift; path = NumberFactService.swift; sourceTree = "<group>"; };
		CB8A082027AC4627006828AC /* NumberFactServiceImplementation.swift */ = {isa = PBXFileReference; lastKnownFileType = sourcecode.swift; path = NumberFactServiceImplementation.swift; sourceTree = "<group>"; };
		CB8A082227AC556B006828AC /* Info.plist */ = {isa = PBXFileReference; lastKnownFileType = text.plist; path = Info.plist; sourceTree = "<group>"; };
		CB8A082527AC663F006828AC /* ScramblerReducer.swift */ = {isa = PBXFileReference; fileEncoding = 4; lastKnownFileType = sourcecode.swift; path = ScramblerReducer.swift; sourceTree = "<group>"; };
		CB8A082727AC663F006828AC /* ScramblerState.swift */ = {isa = PBXFileReference; fileEncoding = 4; lastKnownFileType = sourcecode.swift; path = ScramblerState.swift; sourceTree = "<group>"; };
		CB8A082927AC663F006828AC /* ScramblerAction.swift */ = {isa = PBXFileReference; fileEncoding = 4; lastKnownFileType = sourcecode.swift; path = ScramblerAction.swift; sourceTree = "<group>"; };
		CB8A082B27AC663F006828AC /* ScramblerView.swift */ = {isa = PBXFileReference; fileEncoding = 4; lastKnownFileType = sourcecode.swift; path = ScramblerView.swift; sourceTree = "<group>"; };
		CB8A082D27AC663F006828AC /* ScramblerEnvironment.swift */ = {isa = PBXFileReference; fileEncoding = 4; lastKnownFileType = sourcecode.swift; path = ScramblerEnvironment.swift; sourceTree = "<group>"; };
		CB8A083427AC6CDF006828AC /* ScrumbleGenerator.swift */ = {isa = PBXFileReference; lastKnownFileType = sourcecode.swift; path = ScrumbleGenerator.swift; sourceTree = "<group>"; };
		CB8A083627AC6CE7006828AC /* ScrumbleGeneratorImplementation.swift */ = {isa = PBXFileReference; lastKnownFileType = sourcecode.swift; path = ScrumbleGeneratorImplementation.swift; sourceTree = "<group>"; };
		CB8A083A27AD6AD6006828AC /* TimerCounterReducer.swift */ = {isa = PBXFileReference; fileEncoding = 4; lastKnownFileType = sourcecode.swift; path = TimerCounterReducer.swift; sourceTree = "<group>"; };
		CB8A083C27AD6AD6006828AC /* TimerCounterState.swift */ = {isa = PBXFileReference; fileEncoding = 4; lastKnownFileType = sourcecode.swift; path = TimerCounterState.swift; sourceTree = "<group>"; };
		CB8A083E27AD6AD6006828AC /* TimerCounterAction.swift */ = {isa = PBXFileReference; fileEncoding = 4; lastKnownFileType = sourcecode.swift; path = TimerCounterAction.swift; sourceTree = "<group>"; };
		CB8A084027AD6AD6006828AC /* TimerCounterView.swift */ = {isa = PBXFileReference; fileEncoding = 4; lastKnownFileType = sourcecode.swift; path = TimerCounterView.swift; sourceTree = "<group>"; };
		CB8A084227AD6AD6006828AC /* TimerCounterEnvironment.swift */ = {isa = PBXFileReference; fileEncoding = 4; lastKnownFileType = sourcecode.swift; path = TimerCounterEnvironment.swift; sourceTree = "<group>"; };
		CB8A084A27AD6B8C006828AC /* TimerReducer.swift */ = {isa = PBXFileReference; fileEncoding = 4; lastKnownFileType = sourcecode.swift; path = TimerReducer.swift; sourceTree = "<group>"; };
		CB8A084C27AD6B8C006828AC /* TimerState.swift */ = {isa = PBXFileReference; fileEncoding = 4; lastKnownFileType = sourcecode.swift; path = TimerState.swift; sourceTree = "<group>"; };
		CB8A084E27AD6B8C006828AC /* TimerAction.swift */ = {isa = PBXFileReference; fileEncoding = 4; lastKnownFileType = sourcecode.swift; path = TimerAction.swift; sourceTree = "<group>"; };
		CB8A085027AD6B8C006828AC /* TimerView.swift */ = {isa = PBXFileReference; fileEncoding = 4; lastKnownFileType = sourcecode.swift; path = TimerView.swift; sourceTree = "<group>"; };
		CB8A085227AD6B8C006828AC /* TimerEnvironment.swift */ = {isa = PBXFileReference; fileEncoding = 4; lastKnownFileType = sourcecode.swift; path = TimerEnvironment.swift; sourceTree = "<group>"; };
		CB8A085B27AD6FA2006828AC /* ProgressRingView.swift */ = {isa = PBXFileReference; fileEncoding = 4; lastKnownFileType = sourcecode.swift; path = ProgressRingView.swift; sourceTree = "<group>"; };
		CB8A085F27AD893A006828AC /* AnimatedTimersReducer.swift */ = {isa = PBXFileReference; fileEncoding = 4; lastKnownFileType = sourcecode.swift; path = AnimatedTimersReducer.swift; sourceTree = "<group>"; };
		CB8A086127AD893A006828AC /* AnimatedTimersState.swift */ = {isa = PBXFileReference; fileEncoding = 4; lastKnownFileType = sourcecode.swift; path = AnimatedTimersState.swift; sourceTree = "<group>"; };
		CB8A086327AD893A006828AC /* AnimatedTimersAction.swift */ = {isa = PBXFileReference; fileEncoding = 4; lastKnownFileType = sourcecode.swift; path = AnimatedTimersAction.swift; sourceTree = "<group>"; };
		CB8A086527AD893A006828AC /* AnimatedTimersView.swift */ = {isa = PBXFileReference; fileEncoding = 4; lastKnownFileType = sourcecode.swift; path = AnimatedTimersView.swift; sourceTree = "<group>"; };
		CB8A086727AD893A006828AC /* AnimatedTimersEnvironment.swift */ = {isa = PBXFileReference; fileEncoding = 4; lastKnownFileType = sourcecode.swift; path = AnimatedTimersEnvironment.swift; sourceTree = "<group>"; };
		CB8A086F27AD8B6E006828AC /* Color.swift */ = {isa = PBXFileReference; lastKnownFileType = sourcecode.swift; path = Color.swift; sourceTree = "<group>"; };
		CB9CCD8D27A80E09004FAA6A /* AnalyzableCounterState.swift */ = {isa = PBXFileReference; fileEncoding = 4; lastKnownFileType = sourcecode.swift; path = AnalyzableCounterState.swift; sourceTree = "<group>"; };
		CB9CCD8E27A80E09004FAA6A /* AnalyzableCounterEnvironment.swift */ = {isa = PBXFileReference; fileEncoding = 4; lastKnownFileType = sourcecode.swift; path = AnalyzableCounterEnvironment.swift; sourceTree = "<group>"; };
		CB9CCD8F27A80E09004FAA6A /* AnalyzableCounterAction.swift */ = {isa = PBXFileReference; fileEncoding = 4; lastKnownFileType = sourcecode.swift; path = AnalyzableCounterAction.swift; sourceTree = "<group>"; };
		CB9CCD9027A80E09004FAA6A /* AnalyzableCounterReducer.swift */ = {isa = PBXFileReference; fileEncoding = 4; lastKnownFileType = sourcecode.swift; path = AnalyzableCounterReducer.swift; sourceTree = "<group>"; };
		CB9CCD9127A80E09004FAA6A /* AnalyzableCounterView.swift */ = {isa = PBXFileReference; fileEncoding = 4; lastKnownFileType = sourcecode.swift; path = AnalyzableCounterView.swift; sourceTree = "<group>"; };
		CB9CCD9827A81ABE004FAA6A /* FibonacciCounterState.swift */ = {isa = PBXFileReference; fileEncoding = 4; lastKnownFileType = sourcecode.swift; path = FibonacciCounterState.swift; sourceTree = "<group>"; };
		CB9CCD9927A81ABE004FAA6A /* FibonacciCounterView.swift */ = {isa = PBXFileReference; fileEncoding = 4; lastKnownFileType = sourcecode.swift; path = FibonacciCounterView.swift; sourceTree = "<group>"; };
		CB9CCD9A27A81ABE004FAA6A /* FibonacciCounterReducer.swift */ = {isa = PBXFileReference; fileEncoding = 4; lastKnownFileType = sourcecode.swift; path = FibonacciCounterReducer.swift; sourceTree = "<group>"; };
		CB9CCD9B27A81ABE004FAA6A /* FibonacciCounterEnvironment.swift */ = {isa = PBXFileReference; fileEncoding = 4; lastKnownFileType = sourcecode.swift; path = FibonacciCounterEnvironment.swift; sourceTree = "<group>"; };
		CB9CCD9C27A81ABE004FAA6A /* FibonacciCounterAction.swift */ = {isa = PBXFileReference; fileEncoding = 4; lastKnownFileType = sourcecode.swift; path = FibonacciCounterAction.swift; sourceTree = "<group>"; };
		CB9CCDA327A81C26004FAA6A /* Int.swift */ = {isa = PBXFileReference; lastKnownFileType = sourcecode.swift; path = Int.swift; sourceTree = "<group>"; };
		CB9CCDA727A82077004FAA6A /* MegaCounterView.swift */ = {isa = PBXFileReference; fileEncoding = 4; lastKnownFileType = sourcecode.swift; path = MegaCounterView.swift; sourceTree = "<group>"; };
		CB9CCDA827A82077004FAA6A /* MegaCounterReducer.swift */ = {isa = PBXFileReference; fileEncoding = 4; lastKnownFileType = sourcecode.swift; path = MegaCounterReducer.swift; sourceTree = "<group>"; };
		CB9CCDA927A82077004FAA6A /* MegaCounterState.swift */ = {isa = PBXFileReference; fileEncoding = 4; lastKnownFileType = sourcecode.swift; path = MegaCounterState.swift; sourceTree = "<group>"; };
		CB9CCDAA27A82077004FAA6A /* MegaCounterEnvironment.swift */ = {isa = PBXFileReference; fileEncoding = 4; lastKnownFileType = sourcecode.swift; path = MegaCounterEnvironment.swift; sourceTree = "<group>"; };
		CB9CCDAB27A82077004FAA6A /* MegaCounterAction.swift */ = {isa = PBXFileReference; fileEncoding = 4; lastKnownFileType = sourcecode.swift; path = MegaCounterAction.swift; sourceTree = "<group>"; };
		CBA0C9FA27AE870100A861EF /* CircleButton.swift */ = {isa = PBXFileReference; lastKnownFileType = sourcecode.swift; path = CircleButton.swift; sourceTree = "<group>"; };
		CBD0DEEE27B1762900389756 /* BetterAnimatedTimersReducer.swift */ = {isa = PBXFileReference; fileEncoding = 4; lastKnownFileType = sourcecode.swift; path = BetterAnimatedTimersReducer.swift; sourceTree = "<group>"; };
		CBD0DEF027B1762900389756 /* BetterAnimatedTimersState.swift */ = {isa = PBXFileReference; fileEncoding = 4; lastKnownFileType = sourcecode.swift; path = BetterAnimatedTimersState.swift; sourceTree = "<group>"; };
		CBD0DEF227B1762900389756 /* BetterAnimatedTimersAction.swift */ = {isa = PBXFileReference; fileEncoding = 4; lastKnownFileType = sourcecode.swift; path = BetterAnimatedTimersAction.swift; sourceTree = "<group>"; };
		CBD0DEF427B1762900389756 /* BetterAnimatedTimersView.swift */ = {isa = PBXFileReference; fileEncoding = 4; lastKnownFileType = sourcecode.swift; path = BetterAnimatedTimersView.swift; sourceTree = "<group>"; };
		CBD0DEF627B1762900389756 /* BetterAnimatedTimersEnvironment.swift */ = {isa = PBXFileReference; fileEncoding = 4; lastKnownFileType = sourcecode.swift; path = BetterAnimatedTimersEnvironment.swift; sourceTree = "<group>"; };
		CBD0DEFC27B1803E00389756 /* MutableCollection.swift */ = {isa = PBXFileReference; lastKnownFileType = sourcecode.swift; path = MutableCollection.swift; sourceTree = "<group>"; };
/* End PBXFileReference section */

/* Begin PBXFrameworksBuildPhase section */
		CB30864E27A7F947007BD093 /* Frameworks */ = {
			isa = PBXFrameworksBuildPhase;
			buildActionMask = 2147483647;
			files = (
				CB30866427A7F9E3007BD093 /* VERSE in Frameworks */,
			);
			runOnlyForDeploymentPostprocessing = 0;
		};
/* End PBXFrameworksBuildPhase section */

/* Begin PBXGroup section */
		CB1BDDFC27A841DD00D17723 /* NavigationModule */ = {
			isa = PBXGroup;
			children = (
				CB1BDDFD27A8427B00D17723 /* NavigationModuleView.swift */,
				CB1BDDFF27A86F7300D17723 /* NavigationModuleReducer.swift */,
				CB1BDE0127A86F7B00D17723 /* NavigationModuleState.swift */,
				CB1BDE0327A86F8500D17723 /* NavigationModuleEnvironment.swift */,
				CB1BDE0527A86F8C00D17723 /* NavigationModuleAction.swift */,
			);
			path = NavigationModule;
			sourceTree = "<group>";
		};
		CB1BDE0727AAC4A800D17723 /* AlertAndSheet */ = {
			isa = PBXGroup;
			children = (
				CB1BDE0C27AAC51700D17723 /* Environment */,
				CB1BDE0B27AAC50700D17723 /* Action */,
				CB1BDE0A27AAC4EF00D17723 /* State */,
				CB1BDE0927AAC4E500D17723 /* Reducer */,
				CB1BDE0827AAC4CA00D17723 /* View */,
			);
			path = AlertAndSheet;
			sourceTree = "<group>";
		};
		CB1BDE0827AAC4CA00D17723 /* View */ = {
			isa = PBXGroup;
			children = (
				CB1BDE1527AAD55E00D17723 /* AlertAndSheetView.swift */,
			);
			path = View;
			sourceTree = "<group>";
		};
		CB1BDE0927AAC4E500D17723 /* Reducer */ = {
			isa = PBXGroup;
			children = (
				CB1BDE1327AAC9E400D17723 /* AlertAndSheetReducer.swift */,
			);
			path = Reducer;
			sourceTree = "<group>";
		};
		CB1BDE0A27AAC4EF00D17723 /* State */ = {
			isa = PBXGroup;
			children = (
				CB1BDE0D27AAC5BC00D17723 /* AlertAndSheetState.swift */,
			);
			path = State;
			sourceTree = "<group>";
		};
		CB1BDE0B27AAC50700D17723 /* Action */ = {
			isa = PBXGroup;
			children = (
				CB1BDE0F27AAC63800D17723 /* AlertAndSheetAction.swift */,
			);
			path = Action;
			sourceTree = "<group>";
		};
		CB1BDE0C27AAC51700D17723 /* Environment */ = {
			isa = PBXGroup;
			children = (
				CB1BDE1127AAC9A200D17723 /* AlertAndSheetEnvironment.swift */,
			);
			path = Environment;
			sourceTree = "<group>";
		};
		CB1BDE1727AAE10C00D17723 /* SimpleBinding */ = {
			isa = PBXGroup;
			children = (
				CB1BDE1827AAE10C00D17723 /* Reducer */,
				CB1BDE1A27AAE10C00D17723 /* State */,
				CB1BDE1C27AAE10C00D17723 /* Action */,
				CB1BDE1E27AAE10C00D17723 /* View */,
				CB1BDE2027AAE10C00D17723 /* Environment */,
			);
			path = SimpleBinding;
			sourceTree = "<group>";
		};
		CB1BDE1827AAE10C00D17723 /* Reducer */ = {
			isa = PBXGroup;
			children = (
				CB1BDE1927AAE10C00D17723 /* SimpleBindingReducer.swift */,
			);
			path = Reducer;
			sourceTree = "<group>";
		};
		CB1BDE1A27AAE10C00D17723 /* State */ = {
			isa = PBXGroup;
			children = (
				CB1BDE1B27AAE10C00D17723 /* SimpleBindingState.swift */,
			);
			path = State;
			sourceTree = "<group>";
		};
		CB1BDE1C27AAE10C00D17723 /* Action */ = {
			isa = PBXGroup;
			children = (
				CB1BDE1D27AAE10C00D17723 /* SimpleBindingAction.swift */,
			);
			path = Action;
			sourceTree = "<group>";
		};
		CB1BDE1E27AAE10C00D17723 /* View */ = {
			isa = PBXGroup;
			children = (
				CB1BDE1F27AAE10C00D17723 /* SimpleBindingView.swift */,
			);
			path = View;
			sourceTree = "<group>";
		};
		CB1BDE2027AAE10C00D17723 /* Environment */ = {
			isa = PBXGroup;
			children = (
				CB1BDE2127AAE10C00D17723 /* SimpleBindingEnvironment.swift */,
			);
			path = Environment;
			sourceTree = "<group>";
		};
		CB30864827A7F947007BD093 = {
			isa = PBXGroup;
			children = (
				CB30865327A7F947007BD093 /* University */,
				CB30865227A7F947007BD093 /* Products */,
			);
			sourceTree = "<group>";
		};
		CB30865227A7F947007BD093 /* Products */ = {
			isa = PBXGroup;
			children = (
				CB30865127A7F947007BD093 /* University.app */,
			);
			name = Products;
			sourceTree = "<group>";
		};
		CB30865327A7F947007BD093 /* University */ = {
			isa = PBXGroup;
			children = (
				CB8A082227AC556B006828AC /* Info.plist */,
				CB8A081A27AC45C8006828AC /* ApplicationLayer */,
				CB8A081927AC45B1006828AC /* PresentationLayer */,
				CB8A081B27AC45E1006828AC /* BusinessLayer */,
				CB30865827A7F948007BD093 /* Assets.xcassets */,
				CB30865A27A7F948007BD093 /* Preview Content */,
			);
			path = University;
			sourceTree = "<group>";
		};
		CB30865A27A7F948007BD093 /* Preview Content */ = {
			isa = PBXGroup;
			children = (
				CB30865B27A7F948007BD093 /* Preview Assets.xcassets */,
			);
			path = "Preview Content";
			sourceTree = "<group>";
		};
		CB30866727A7FBFC007BD093 /* Counter */ = {
			isa = PBXGroup;
			children = (
				CB30866527A7FBF1007BD093 /* CounterState.swift */,
				CB30865627A7F947007BD093 /* CounterView.swift */,
				CB30866827A7FC23007BD093 /* CounterAction.swift */,
				CB30866A27A7FE36007BD093 /* CounterReducer.swift */,
				CB30866C27A7FE74007BD093 /* CounterEnvironment.swift */,
			);
			path = Counter;
			sourceTree = "<group>";
		};
		CB8A07F227AB01DD006828AC /* FlexibleBinding */ = {
			isa = PBXGroup;
			children = (
				CB8A07F327AB01DD006828AC /* Reducer */,
				CB8A07F527AB01DD006828AC /* State */,
				CB8A07F727AB01DD006828AC /* Action */,
				CB8A07F927AB01DD006828AC /* View */,
				CB8A07FB27AB01DD006828AC /* Environment */,
			);
			path = FlexibleBinding;
			sourceTree = "<group>";
		};
		CB8A07F327AB01DD006828AC /* Reducer */ = {
			isa = PBXGroup;
			children = (
				CB8A07F427AB01DD006828AC /* FlexibleBindingReducer.swift */,
			);
			path = Reducer;
			sourceTree = "<group>";
		};
		CB8A07F527AB01DD006828AC /* State */ = {
			isa = PBXGroup;
			children = (
				CB8A07F627AB01DD006828AC /* FlexibleBindingState.swift */,
			);
			path = State;
			sourceTree = "<group>";
		};
		CB8A07F727AB01DD006828AC /* Action */ = {
			isa = PBXGroup;
			children = (
				CB8A07F827AB01DD006828AC /* FlexibleBindingAction.swift */,
			);
			path = Action;
			sourceTree = "<group>";
		};
		CB8A07F927AB01DD006828AC /* View */ = {
			isa = PBXGroup;
			children = (
				CB8A07FA27AB01DD006828AC /* FlexibleBindingView.swift */,
			);
			path = View;
			sourceTree = "<group>";
		};
		CB8A07FB27AB01DD006828AC /* Environment */ = {
			isa = PBXGroup;
			children = (
				CB8A07FC27AB01DD006828AC /* FlexibleBindingEnvironment.swift */,
			);
			path = Environment;
			sourceTree = "<group>";
		};
		CB8A080927AC420F006828AC /* JustEffect */ = {
			isa = PBXGroup;
			children = (
				CB8A080A27AC420F006828AC /* Reducer */,
				CB8A080C27AC420F006828AC /* State */,
				CB8A080E27AC420F006828AC /* Action */,
				CB8A081027AC420F006828AC /* View */,
				CB8A081227AC420F006828AC /* Environment */,
			);
			path = JustEffect;
			sourceTree = "<group>";
		};
		CB8A080A27AC420F006828AC /* Reducer */ = {
			isa = PBXGroup;
			children = (
				CB8A080B27AC420F006828AC /* JustEffectReducer.swift */,
			);
			path = Reducer;
			sourceTree = "<group>";
		};
		CB8A080C27AC420F006828AC /* State */ = {
			isa = PBXGroup;
			children = (
				CB8A080D27AC420F006828AC /* JustEffectState.swift */,
			);
			path = State;
			sourceTree = "<group>";
		};
		CB8A080E27AC420F006828AC /* Action */ = {
			isa = PBXGroup;
			children = (
				CB8A080F27AC420F006828AC /* JustEffectAction.swift */,
			);
			path = Action;
			sourceTree = "<group>";
		};
		CB8A081027AC420F006828AC /* View */ = {
			isa = PBXGroup;
			children = (
				CB8A081127AC420F006828AC /* JustEffectView.swift */,
			);
			path = View;
			sourceTree = "<group>";
		};
		CB8A081227AC420F006828AC /* Environment */ = {
			isa = PBXGroup;
			children = (
				CB8A081327AC420F006828AC /* JustEffectEnvironment.swift */,
			);
			path = Environment;
			sourceTree = "<group>";
		};
		CB8A081927AC45B1006828AC /* PresentationLayer */ = {
			isa = PBXGroup;
			children = (
				CB8A086D27AD8B5D006828AC /* Useful */,
				CB8A085927AD6F77006828AC /* Views */,
				CB8A085827AD6F62006828AC /* UserStories */,
			);
			path = PresentationLayer;
			sourceTree = "<group>";
		};
		CB8A081A27AC45C8006828AC /* ApplicationLayer */ = {
			isa = PBXGroup;
			children = (
				CB30865427A7F947007BD093 /* UniversityApp.swift */,
			);
			path = ApplicationLayer;
			sourceTree = "<group>";
		};
		CB8A081B27AC45E1006828AC /* BusinessLayer */ = {
			isa = PBXGroup;
			children = (
				CB8A081C27AC45FB006828AC /* Services */,
			);
			path = BusinessLayer;
			sourceTree = "<group>";
		};
		CB8A081C27AC45FB006828AC /* Services */ = {
			isa = PBXGroup;
			children = (
				CB8A083327AC6CC9006828AC /* ScrumbleGenerator */,
				CB8A081D27AC4608006828AC /* NumberFactService */,
			);
			path = Services;
			sourceTree = "<group>";
		};
		CB8A081D27AC4608006828AC /* NumberFactService */ = {
			isa = PBXGroup;
			children = (
				CB8A081E27AC461B006828AC /* NumberFactService.swift */,
				CB8A082027AC4627006828AC /* NumberFactServiceImplementation.swift */,
			);
			path = NumberFactService;
			sourceTree = "<group>";
		};
		CB8A082327AC663F006828AC /* Scrambler */ = {
			isa = PBXGroup;
			children = (
				CB8A082427AC663F006828AC /* Reducer */,
				CB8A082627AC663F006828AC /* State */,
				CB8A082827AC663F006828AC /* Action */,
				CB8A082A27AC663F006828AC /* View */,
				CB8A082C27AC663F006828AC /* Environment */,
			);
			path = Scrambler;
			sourceTree = "<group>";
		};
		CB8A082427AC663F006828AC /* Reducer */ = {
			isa = PBXGroup;
			children = (
				CB8A082527AC663F006828AC /* ScramblerReducer.swift */,
			);
			path = Reducer;
			sourceTree = "<group>";
		};
		CB8A082627AC663F006828AC /* State */ = {
			isa = PBXGroup;
			children = (
				CB8A082727AC663F006828AC /* ScramblerState.swift */,
			);
			path = State;
			sourceTree = "<group>";
		};
		CB8A082827AC663F006828AC /* Action */ = {
			isa = PBXGroup;
			children = (
				CB8A082927AC663F006828AC /* ScramblerAction.swift */,
			);
			path = Action;
			sourceTree = "<group>";
		};
		CB8A082A27AC663F006828AC /* View */ = {
			isa = PBXGroup;
			children = (
				CB8A082B27AC663F006828AC /* ScramblerView.swift */,
			);
			path = View;
			sourceTree = "<group>";
		};
		CB8A082C27AC663F006828AC /* Environment */ = {
			isa = PBXGroup;
			children = (
				CB8A082D27AC663F006828AC /* ScramblerEnvironment.swift */,
			);
			path = Environment;
			sourceTree = "<group>";
		};
		CB8A083327AC6CC9006828AC /* ScrumbleGenerator */ = {
			isa = PBXGroup;
			children = (
				CB8A083427AC6CDF006828AC /* ScrumbleGenerator.swift */,
				CB8A083627AC6CE7006828AC /* ScrumbleGeneratorImplementation.swift */,
			);
			path = ScrumbleGenerator;
			sourceTree = "<group>";
		};
		CB8A083827AD6AD6006828AC /* TimerCounter */ = {
			isa = PBXGroup;
			children = (
				CB8A083927AD6AD6006828AC /* Reducer */,
				CB8A083B27AD6AD6006828AC /* State */,
				CB8A083D27AD6AD6006828AC /* Action */,
				CB8A083F27AD6AD6006828AC /* View */,
				CB8A084127AD6AD6006828AC /* Environment */,
			);
			path = TimerCounter;
			sourceTree = "<group>";
		};
		CB8A083927AD6AD6006828AC /* Reducer */ = {
			isa = PBXGroup;
			children = (
				CB8A083A27AD6AD6006828AC /* TimerCounterReducer.swift */,
			);
			path = Reducer;
			sourceTree = "<group>";
		};
		CB8A083B27AD6AD6006828AC /* State */ = {
			isa = PBXGroup;
			children = (
				CB8A083C27AD6AD6006828AC /* TimerCounterState.swift */,
			);
			path = State;
			sourceTree = "<group>";
		};
		CB8A083D27AD6AD6006828AC /* Action */ = {
			isa = PBXGroup;
			children = (
				CB8A083E27AD6AD6006828AC /* TimerCounterAction.swift */,
			);
			path = Action;
			sourceTree = "<group>";
		};
		CB8A083F27AD6AD6006828AC /* View */ = {
			isa = PBXGroup;
			children = (
				CB8A084027AD6AD6006828AC /* TimerCounterView.swift */,
			);
			path = View;
			sourceTree = "<group>";
		};
		CB8A084127AD6AD6006828AC /* Environment */ = {
			isa = PBXGroup;
			children = (
				CB8A084227AD6AD6006828AC /* TimerCounterEnvironment.swift */,
			);
			path = Environment;
			sourceTree = "<group>";
		};
		CB8A084827AD6B8C006828AC /* Timer */ = {
			isa = PBXGroup;
			children = (
				CB8A084927AD6B8C006828AC /* Reducer */,
				CB8A084B27AD6B8C006828AC /* State */,
				CB8A084D27AD6B8C006828AC /* Action */,
				CB8A084F27AD6B8C006828AC /* View */,
				CB8A085127AD6B8C006828AC /* Environment */,
			);
			path = Timer;
			sourceTree = "<group>";
		};
		CB8A084927AD6B8C006828AC /* Reducer */ = {
			isa = PBXGroup;
			children = (
				CB8A084A27AD6B8C006828AC /* TimerReducer.swift */,
			);
			path = Reducer;
			sourceTree = "<group>";
		};
		CB8A084B27AD6B8C006828AC /* State */ = {
			isa = PBXGroup;
			children = (
				CB8A084C27AD6B8C006828AC /* TimerState.swift */,
			);
			path = State;
			sourceTree = "<group>";
		};
		CB8A084D27AD6B8C006828AC /* Action */ = {
			isa = PBXGroup;
			children = (
				CB8A084E27AD6B8C006828AC /* TimerAction.swift */,
			);
			path = Action;
			sourceTree = "<group>";
		};
		CB8A084F27AD6B8C006828AC /* View */ = {
			isa = PBXGroup;
			children = (
				CB8A085027AD6B8C006828AC /* TimerView.swift */,
			);
			path = View;
			sourceTree = "<group>";
		};
		CB8A085127AD6B8C006828AC /* Environment */ = {
			isa = PBXGroup;
			children = (
				CB8A085227AD6B8C006828AC /* TimerEnvironment.swift */,
			);
			path = Environment;
			sourceTree = "<group>";
		};
		CB8A085827AD6F62006828AC /* UserStories */ = {
			isa = PBXGroup;
			children = (
				CBD0DEEC27B1762900389756 /* BetterAnimatedTimers */,
				CB8A085D27AD893A006828AC /* AnimatedTimers */,
				CB8A084827AD6B8C006828AC /* Timer */,
				CB8A083827AD6AD6006828AC /* TimerCounter */,
				CB8A082327AC663F006828AC /* Scrambler */,
				CB8A080927AC420F006828AC /* JustEffect */,
				CB8A07F227AB01DD006828AC /* FlexibleBinding */,
				CB1BDE1727AAE10C00D17723 /* SimpleBinding */,
				CB1BDE0727AAC4A800D17723 /* AlertAndSheet */,
				CB1BDDFC27A841DD00D17723 /* NavigationModule */,
				CB9CCDA627A82077004FAA6A /* MegaCounter */,
				CB9CCDA227A81C19004FAA6A /* Extensions */,
				CB9CCD9727A81ABE004FAA6A /* FibonacciCounter */,
				CB9CCD8C27A80E09004FAA6A /* AnalyzableCounter */,
				CB30866727A7FBFC007BD093 /* Counter */,
			);
			path = UserStories;
			sourceTree = "<group>";
		};
		CB8A085927AD6F77006828AC /* Views */ = {
			isa = PBXGroup;
			children = (
				CBA0C9FC27AE870700A861EF /* CircleButton */,
				CB8A085A27AD6F84006828AC /* ProgressRingView */,
			);
			path = Views;
			sourceTree = "<group>";
		};
		CB8A085A27AD6F84006828AC /* ProgressRingView */ = {
			isa = PBXGroup;
			children = (
				CB8A085B27AD6FA2006828AC /* ProgressRingView.swift */,
			);
			path = ProgressRingView;
			sourceTree = "<group>";
		};
		CB8A085D27AD893A006828AC /* AnimatedTimers */ = {
			isa = PBXGroup;
			children = (
				CB8A085E27AD893A006828AC /* Reducer */,
				CB8A086027AD893A006828AC /* State */,
				CB8A086227AD893A006828AC /* Action */,
				CB8A086427AD893A006828AC /* View */,
				CB8A086627AD893A006828AC /* Environment */,
			);
			path = AnimatedTimers;
			sourceTree = "<group>";
		};
		CB8A085E27AD893A006828AC /* Reducer */ = {
			isa = PBXGroup;
			children = (
				CB8A085F27AD893A006828AC /* AnimatedTimersReducer.swift */,
			);
			path = Reducer;
			sourceTree = "<group>";
		};
		CB8A086027AD893A006828AC /* State */ = {
			isa = PBXGroup;
			children = (
				CB8A086127AD893A006828AC /* AnimatedTimersState.swift */,
			);
			path = State;
			sourceTree = "<group>";
		};
		CB8A086227AD893A006828AC /* Action */ = {
			isa = PBXGroup;
			children = (
				CB8A086327AD893A006828AC /* AnimatedTimersAction.swift */,
			);
			path = Action;
			sourceTree = "<group>";
		};
		CB8A086427AD893A006828AC /* View */ = {
			isa = PBXGroup;
			children = (
				CB8A086527AD893A006828AC /* AnimatedTimersView.swift */,
			);
			path = View;
			sourceTree = "<group>";
		};
		CB8A086627AD893A006828AC /* Environment */ = {
			isa = PBXGroup;
			children = (
				CB8A086727AD893A006828AC /* AnimatedTimersEnvironment.swift */,
			);
			path = Environment;
			sourceTree = "<group>";
		};
		CB8A086D27AD8B5D006828AC /* Useful */ = {
			isa = PBXGroup;
			children = (
				CB8A086E27AD8B64006828AC /* Extentions */,
			);
			path = Useful;
			sourceTree = "<group>";
		};
		CB8A086E27AD8B64006828AC /* Extentions */ = {
			isa = PBXGroup;
			children = (
				CB8A086F27AD8B6E006828AC /* Color.swift */,
				CBD0DEFC27B1803E00389756 /* MutableCollection.swift */,
			);
			path = Extentions;
			sourceTree = "<group>";
		};
		CB9CCD8C27A80E09004FAA6A /* AnalyzableCounter */ = {
			isa = PBXGroup;
			children = (
				CB9CCD8D27A80E09004FAA6A /* AnalyzableCounterState.swift */,
				CB9CCD8E27A80E09004FAA6A /* AnalyzableCounterEnvironment.swift */,
				CB9CCD8F27A80E09004FAA6A /* AnalyzableCounterAction.swift */,
				CB9CCD9027A80E09004FAA6A /* AnalyzableCounterReducer.swift */,
				CB9CCD9127A80E09004FAA6A /* AnalyzableCounterView.swift */,
			);
			path = AnalyzableCounter;
			sourceTree = "<group>";
		};
		CB9CCD9727A81ABE004FAA6A /* FibonacciCounter */ = {
			isa = PBXGroup;
			children = (
				CB9CCD9827A81ABE004FAA6A /* FibonacciCounterState.swift */,
				CB9CCD9927A81ABE004FAA6A /* FibonacciCounterView.swift */,
				CB9CCD9A27A81ABE004FAA6A /* FibonacciCounterReducer.swift */,
				CB9CCD9B27A81ABE004FAA6A /* FibonacciCounterEnvironment.swift */,
				CB9CCD9C27A81ABE004FAA6A /* FibonacciCounterAction.swift */,
			);
			path = FibonacciCounter;
			sourceTree = "<group>";
		};
		CB9CCDA227A81C19004FAA6A /* Extensions */ = {
			isa = PBXGroup;
			children = (
				CB9CCDA327A81C26004FAA6A /* Int.swift */,
			);
			path = Extensions;
			sourceTree = "<group>";
		};
		CB9CCDA627A82077004FAA6A /* MegaCounter */ = {
			isa = PBXGroup;
			children = (
				CB9CCDA727A82077004FAA6A /* MegaCounterView.swift */,
				CB9CCDA827A82077004FAA6A /* MegaCounterReducer.swift */,
				CB9CCDA927A82077004FAA6A /* MegaCounterState.swift */,
				CB9CCDAA27A82077004FAA6A /* MegaCounterEnvironment.swift */,
				CB9CCDAB27A82077004FAA6A /* MegaCounterAction.swift */,
			);
			path = MegaCounter;
			sourceTree = "<group>";
		};
		CBA0C9FC27AE870700A861EF /* CircleButton */ = {
			isa = PBXGroup;
			children = (
				CBA0C9FA27AE870100A861EF /* CircleButton.swift */,
			);
			path = CircleButton;
			sourceTree = "<group>";
		};
		CBD0DEEC27B1762900389756 /* BetterAnimatedTimers */ = {
			isa = PBXGroup;
			children = (
				CBD0DEED27B1762900389756 /* Reducer */,
				CBD0DEEF27B1762900389756 /* State */,
				CBD0DEF127B1762900389756 /* Action */,
				CBD0DEF327B1762900389756 /* View */,
				CBD0DEF527B1762900389756 /* Environment */,
			);
			path = BetterAnimatedTimers;
			sourceTree = "<group>";
		};
		CBD0DEED27B1762900389756 /* Reducer */ = {
			isa = PBXGroup;
			children = (
				CBD0DEEE27B1762900389756 /* BetterAnimatedTimersReducer.swift */,
			);
			path = Reducer;
			sourceTree = "<group>";
		};
		CBD0DEEF27B1762900389756 /* State */ = {
			isa = PBXGroup;
			children = (
				CBD0DEF027B1762900389756 /* BetterAnimatedTimersState.swift */,
			);
			path = State;
			sourceTree = "<group>";
		};
		CBD0DEF127B1762900389756 /* Action */ = {
			isa = PBXGroup;
			children = (
				CBD0DEF227B1762900389756 /* BetterAnimatedTimersAction.swift */,
			);
			path = Action;
			sourceTree = "<group>";
		};
		CBD0DEF327B1762900389756 /* View */ = {
			isa = PBXGroup;
			children = (
				CBD0DEF427B1762900389756 /* BetterAnimatedTimersView.swift */,
			);
			path = View;
			sourceTree = "<group>";
		};
		CBD0DEF527B1762900389756 /* Environment */ = {
			isa = PBXGroup;
			children = (
				CBD0DEF627B1762900389756 /* BetterAnimatedTimersEnvironment.swift */,
			);
			path = Environment;
			sourceTree = "<group>";
		};
/* End PBXGroup section */

/* Begin PBXNativeTarget section */
		CB30865027A7F947007BD093 /* University */ = {
			isa = PBXNativeTarget;
			buildConfigurationList = CB30865F27A7F948007BD093 /* Build configuration list for PBXNativeTarget "University" */;
			buildPhases = (
				CB30864D27A7F947007BD093 /* Sources */,
				CB30864E27A7F947007BD093 /* Frameworks */,
				CB30864F27A7F947007BD093 /* Resources */,
			);
			buildRules = (
			);
			dependencies = (
			);
			name = University;
			packageProductDependencies = (
				CB30866327A7F9E3007BD093 /* VERSE */,
			);
			productName = University;
			productReference = CB30865127A7F947007BD093 /* University.app */;
			productType = "com.apple.product-type.application";
		};
/* End PBXNativeTarget section */

/* Begin PBXProject section */
		CB30864927A7F947007BD093 /* Project object */ = {
			isa = PBXProject;
			attributes = {
				BuildIndependentTargetsInParallel = 1;
				LastSwiftUpdateCheck = 1320;
				LastUpgradeCheck = 1320;
				TargetAttributes = {
					CB30865027A7F947007BD093 = {
						CreatedOnToolsVersion = 13.2.1;
					};
				};
			};
			buildConfigurationList = CB30864C27A7F947007BD093 /* Build configuration list for PBXProject "University" */;
			compatibilityVersion = "Xcode 13.0";
			developmentRegion = en;
			hasScannedForEncodings = 0;
			knownRegions = (
				en,
				Base,
			);
			mainGroup = CB30864827A7F947007BD093;
			packageReferences = (
				CB30866227A7F9E3007BD093 /* XCRemoteSwiftPackageReference "verse" */,
			);
			productRefGroup = CB30865227A7F947007BD093 /* Products */;
			projectDirPath = "";
			projectRoot = "";
			targets = (
				CB30865027A7F947007BD093 /* University */,
			);
		};
/* End PBXProject section */

/* Begin PBXResourcesBuildPhase section */
		CB30864F27A7F947007BD093 /* Resources */ = {
			isa = PBXResourcesBuildPhase;
			buildActionMask = 2147483647;
			files = (
				CB30865C27A7F948007BD093 /* Preview Assets.xcassets in Resources */,
				CB30865927A7F948007BD093 /* Assets.xcassets in Resources */,
			);
			runOnlyForDeploymentPostprocessing = 0;
		};
/* End PBXResourcesBuildPhase section */

/* Begin PBXSourcesBuildPhase section */
		CB30864D27A7F947007BD093 /* Sources */ = {
			isa = PBXSourcesBuildPhase;
			buildActionMask = 2147483647;
			files = (
				CBD0DEF827B1762900389756 /* BetterAnimatedTimersState.swift in Sources */,
				CB8A085327AD6B8C006828AC /* TimerReducer.swift in Sources */,
				CB9CCDB027A82077004FAA6A /* MegaCounterAction.swift in Sources */,
				CB30866927A7FC23007BD093 /* CounterAction.swift in Sources */,
				CB8A086827AD893A006828AC /* AnimatedTimersReducer.swift in Sources */,
				CB1BDE1227AAC9A200D17723 /* AlertAndSheetEnvironment.swift in Sources */,
				CB1BDE2427AAE10C00D17723 /* SimpleBindingAction.swift in Sources */,
				CB8A085727AD6B8C006828AC /* TimerEnvironment.swift in Sources */,
				CB8A085627AD6B8C006828AC /* TimerView.swift in Sources */,
				CB9CCDAF27A82077004FAA6A /* MegaCounterEnvironment.swift in Sources */,
				CB1BDE1427AAC9E400D17723 /* AlertAndSheetReducer.swift in Sources */,
				CB9CCD9327A80E09004FAA6A /* AnalyzableCounterEnvironment.swift in Sources */,
				CB8A082127AC4627006828AC /* NumberFactServiceImplementation.swift in Sources */,
				CB9CCD9F27A81ABE004FAA6A /* FibonacciCounterReducer.swift in Sources */,
				CB8A083027AC663F006828AC /* ScramblerAction.swift in Sources */,
				CB8A085C27AD6FA2006828AC /* ProgressRingView.swift in Sources */,
				CB8A085527AD6B8C006828AC /* TimerAction.swift in Sources */,
				CB9CCDA127A81ABE004FAA6A /* FibonacciCounterAction.swift in Sources */,
				CB8A082E27AC663F006828AC /* ScramblerReducer.swift in Sources */,
				CB8A07FD27AB01DD006828AC /* FlexibleBindingReducer.swift in Sources */,
				CB8A083227AC663F006828AC /* ScramblerEnvironment.swift in Sources */,
				CB9CCD9527A80E09004FAA6A /* AnalyzableCounterReducer.swift in Sources */,
				CB1BDE2527AAE10C00D17723 /* SimpleBindingView.swift in Sources */,
				CB1BDE2227AAE10C00D17723 /* SimpleBindingReducer.swift in Sources */,
				CB1BDE0427A86F8500D17723 /* NavigationModuleEnvironment.swift in Sources */,
				CB8A083727AC6CE7006828AC /* ScrumbleGeneratorImplementation.swift in Sources */,
				CB9CCD9627A80E09004FAA6A /* AnalyzableCounterView.swift in Sources */,
				CB1BDE0027A86F7300D17723 /* NavigationModuleReducer.swift in Sources */,
				CBA0C9FB27AE870200A861EF /* CircleButton.swift in Sources */,
				CB8A080027AB01DD006828AC /* FlexibleBindingView.swift in Sources */,
				CB9CCDA427A81C27004FAA6A /* Int.swift in Sources */,
				CB30866B27A7FE36007BD093 /* CounterReducer.swift in Sources */,
				CB8A084427AD6AD6006828AC /* TimerCounterState.swift in Sources */,
				CB8A07FF27AB01DD006828AC /* FlexibleBindingAction.swift in Sources */,
				CB8A081527AC420F006828AC /* JustEffectState.swift in Sources */,
				CB8A084527AD6AD6006828AC /* TimerCounterAction.swift in Sources */,
				CB1BDE0627A86F8C00D17723 /* NavigationModuleAction.swift in Sources */,
				CB9CCDAE27A82077004FAA6A /* MegaCounterState.swift in Sources */,
				CB8A086B27AD893A006828AC /* AnimatedTimersView.swift in Sources */,
				CBD0DEF727B1762900389756 /* BetterAnimatedTimersReducer.swift in Sources */,
				CBD0DEFD27B1803E00389756 /* MutableCollection.swift in Sources */,
				CB8A087027AD8B6E006828AC /* Color.swift in Sources */,
				CB8A086927AD893A006828AC /* AnimatedTimersState.swift in Sources */,
				CB8A083127AC663F006828AC /* ScramblerView.swift in Sources */,
				CB8A086A27AD893A006828AC /* AnimatedTimersAction.swift in Sources */,
				CB9CCD9E27A81ABE004FAA6A /* FibonacciCounterView.swift in Sources */,
				CB1BDE1627AAD55E00D17723 /* AlertAndSheetView.swift in Sources */,
				CB9CCD9D27A81ABE004FAA6A /* FibonacciCounterState.swift in Sources */,
				CB8A081F27AC461B006828AC /* NumberFactService.swift in Sources */,
				CB8A081427AC420F006828AC /* JustEffectReducer.swift in Sources */,
				CB8A084327AD6AD6006828AC /* TimerCounterReducer.swift in Sources */,
				CB8A086C27AD893A006828AC /* AnimatedTimersEnvironment.swift in Sources */,
				CB30866627A7FBF1007BD093 /* CounterState.swift in Sources */,
				CB8A082F27AC663F006828AC /* ScramblerState.swift in Sources */,
				CB8A085427AD6B8C006828AC /* TimerState.swift in Sources */,
				CB9CCD9427A80E09004FAA6A /* AnalyzableCounterAction.swift in Sources */,
				CBD0DEFA27B1762900389756 /* BetterAnimatedTimersView.swift in Sources */,
				CB1BDDFE27A8427B00D17723 /* NavigationModuleView.swift in Sources */,
				CB1BDE2327AAE10C00D17723 /* SimpleBindingState.swift in Sources */,
				CB8A07FE27AB01DD006828AC /* FlexibleBindingState.swift in Sources */,
				CB1BDE2627AAE10C00D17723 /* SimpleBindingEnvironment.swift in Sources */,
				CB30865727A7F947007BD093 /* CounterView.swift in Sources */,
				CB8A084627AD6AD6006828AC /* TimerCounterView.swift in Sources */,
				CB8A081827AC420F006828AC /* JustEffectEnvironment.swift in Sources */,
				CB9CCDAC27A82077004FAA6A /* MegaCounterView.swift in Sources */,
				CBD0DEF927B1762900389756 /* BetterAnimatedTimersAction.swift in Sources */,
				CB8A081627AC420F006828AC /* JustEffectAction.swift in Sources */,
				CB30866D27A7FE74007BD093 /* CounterEnvironment.swift in Sources */,
				CB8A081727AC420F006828AC /* JustEffectView.swift in Sources */,
				CB9CCD9227A80E09004FAA6A /* AnalyzableCounterState.swift in Sources */,
				CBD0DEFB27B1762900389756 /* BetterAnimatedTimersEnvironment.swift in Sources */,
				CB8A084727AD6AD6006828AC /* TimerCounterEnvironment.swift in Sources */,
				CB1BDE1027AAC63800D17723 /* AlertAndSheetAction.swift in Sources */,
				CB9CCDA027A81ABE004FAA6A /* FibonacciCounterEnvironment.swift in Sources */,
				CB1BDE0E27AAC5BC00D17723 /* AlertAndSheetState.swift in Sources */,
				CB8A080127AB01DD006828AC /* FlexibleBindingEnvironment.swift in Sources */,
				CB1BDE0227A86F7B00D17723 /* NavigationModuleState.swift in Sources */,
				CB8A083527AC6CDF006828AC /* ScrumbleGenerator.swift in Sources */,
				CB9CCDAD27A82077004FAA6A /* MegaCounterReducer.swift in Sources */,
				CB30865527A7F947007BD093 /* UniversityApp.swift in Sources */,
			);
			runOnlyForDeploymentPostprocessing = 0;
		};
/* End PBXSourcesBuildPhase section */

/* Begin XCBuildConfiguration section */
		CB30865D27A7F948007BD093 /* Debug */ = {
			isa = XCBuildConfiguration;
			buildSettings = {
				ALWAYS_SEARCH_USER_PATHS = NO;
				CLANG_ANALYZER_NONNULL = YES;
				CLANG_ANALYZER_NUMBER_OBJECT_CONVERSION = YES_AGGRESSIVE;
				CLANG_CXX_LANGUAGE_STANDARD = "gnu++17";
				CLANG_CXX_LIBRARY = "libc++";
				CLANG_ENABLE_MODULES = YES;
				CLANG_ENABLE_OBJC_ARC = YES;
				CLANG_ENABLE_OBJC_WEAK = YES;
				CLANG_WARN_BLOCK_CAPTURE_AUTORELEASING = YES;
				CLANG_WARN_BOOL_CONVERSION = YES;
				CLANG_WARN_COMMA = YES;
				CLANG_WARN_CONSTANT_CONVERSION = YES;
				CLANG_WARN_DEPRECATED_OBJC_IMPLEMENTATIONS = YES;
				CLANG_WARN_DIRECT_OBJC_ISA_USAGE = YES_ERROR;
				CLANG_WARN_DOCUMENTATION_COMMENTS = YES;
				CLANG_WARN_EMPTY_BODY = YES;
				CLANG_WARN_ENUM_CONVERSION = YES;
				CLANG_WARN_INFINITE_RECURSION = YES;
				CLANG_WARN_INT_CONVERSION = YES;
				CLANG_WARN_NON_LITERAL_NULL_CONVERSION = YES;
				CLANG_WARN_OBJC_IMPLICIT_RETAIN_SELF = YES;
				CLANG_WARN_OBJC_LITERAL_CONVERSION = YES;
				CLANG_WARN_OBJC_ROOT_CLASS = YES_ERROR;
				CLANG_WARN_QUOTED_INCLUDE_IN_FRAMEWORK_HEADER = YES;
				CLANG_WARN_RANGE_LOOP_ANALYSIS = YES;
				CLANG_WARN_STRICT_PROTOTYPES = YES;
				CLANG_WARN_SUSPICIOUS_MOVE = YES;
				CLANG_WARN_UNGUARDED_AVAILABILITY = YES_AGGRESSIVE;
				CLANG_WARN_UNREACHABLE_CODE = YES;
				CLANG_WARN__DUPLICATE_METHOD_MATCH = YES;
				COPY_PHASE_STRIP = NO;
				DEBUG_INFORMATION_FORMAT = dwarf;
				ENABLE_STRICT_OBJC_MSGSEND = YES;
				ENABLE_TESTABILITY = YES;
				GCC_C_LANGUAGE_STANDARD = gnu11;
				GCC_DYNAMIC_NO_PIC = NO;
				GCC_NO_COMMON_BLOCKS = YES;
				GCC_OPTIMIZATION_LEVEL = 0;
				GCC_PREPROCESSOR_DEFINITIONS = (
					"DEBUG=1",
					"$(inherited)",
				);
				GCC_WARN_64_TO_32_BIT_CONVERSION = YES;
				GCC_WARN_ABOUT_RETURN_TYPE = YES_ERROR;
				GCC_WARN_UNDECLARED_SELECTOR = YES;
				GCC_WARN_UNINITIALIZED_AUTOS = YES_AGGRESSIVE;
				GCC_WARN_UNUSED_FUNCTION = YES;
				GCC_WARN_UNUSED_VARIABLE = YES;
				IPHONEOS_DEPLOYMENT_TARGET = 15.0;
				MTL_ENABLE_DEBUG_INFO = INCLUDE_SOURCE;
				MTL_FAST_MATH = YES;
				ONLY_ACTIVE_ARCH = YES;
				SDKROOT = iphoneos;
				SWIFT_ACTIVE_COMPILATION_CONDITIONS = DEBUG;
				SWIFT_OPTIMIZATION_LEVEL = "-Onone";
			};
			name = Debug;
		};
		CB30865E27A7F948007BD093 /* Release */ = {
			isa = XCBuildConfiguration;
			buildSettings = {
				ALWAYS_SEARCH_USER_PATHS = NO;
				CLANG_ANALYZER_NONNULL = YES;
				CLANG_ANALYZER_NUMBER_OBJECT_CONVERSION = YES_AGGRESSIVE;
				CLANG_CXX_LANGUAGE_STANDARD = "gnu++17";
				CLANG_CXX_LIBRARY = "libc++";
				CLANG_ENABLE_MODULES = YES;
				CLANG_ENABLE_OBJC_ARC = YES;
				CLANG_ENABLE_OBJC_WEAK = YES;
				CLANG_WARN_BLOCK_CAPTURE_AUTORELEASING = YES;
				CLANG_WARN_BOOL_CONVERSION = YES;
				CLANG_WARN_COMMA = YES;
				CLANG_WARN_CONSTANT_CONVERSION = YES;
				CLANG_WARN_DEPRECATED_OBJC_IMPLEMENTATIONS = YES;
				CLANG_WARN_DIRECT_OBJC_ISA_USAGE = YES_ERROR;
				CLANG_WARN_DOCUMENTATION_COMMENTS = YES;
				CLANG_WARN_EMPTY_BODY = YES;
				CLANG_WARN_ENUM_CONVERSION = YES;
				CLANG_WARN_INFINITE_RECURSION = YES;
				CLANG_WARN_INT_CONVERSION = YES;
				CLANG_WARN_NON_LITERAL_NULL_CONVERSION = YES;
				CLANG_WARN_OBJC_IMPLICIT_RETAIN_SELF = YES;
				CLANG_WARN_OBJC_LITERAL_CONVERSION = YES;
				CLANG_WARN_OBJC_ROOT_CLASS = YES_ERROR;
				CLANG_WARN_QUOTED_INCLUDE_IN_FRAMEWORK_HEADER = YES;
				CLANG_WARN_RANGE_LOOP_ANALYSIS = YES;
				CLANG_WARN_STRICT_PROTOTYPES = YES;
				CLANG_WARN_SUSPICIOUS_MOVE = YES;
				CLANG_WARN_UNGUARDED_AVAILABILITY = YES_AGGRESSIVE;
				CLANG_WARN_UNREACHABLE_CODE = YES;
				CLANG_WARN__DUPLICATE_METHOD_MATCH = YES;
				COPY_PHASE_STRIP = NO;
				DEBUG_INFORMATION_FORMAT = "dwarf-with-dsym";
				ENABLE_NS_ASSERTIONS = NO;
				ENABLE_STRICT_OBJC_MSGSEND = YES;
				GCC_C_LANGUAGE_STANDARD = gnu11;
				GCC_NO_COMMON_BLOCKS = YES;
				GCC_WARN_64_TO_32_BIT_CONVERSION = YES;
				GCC_WARN_ABOUT_RETURN_TYPE = YES_ERROR;
				GCC_WARN_UNDECLARED_SELECTOR = YES;
				GCC_WARN_UNINITIALIZED_AUTOS = YES_AGGRESSIVE;
				GCC_WARN_UNUSED_FUNCTION = YES;
				GCC_WARN_UNUSED_VARIABLE = YES;
				IPHONEOS_DEPLOYMENT_TARGET = 15.0;
				MTL_ENABLE_DEBUG_INFO = NO;
				MTL_FAST_MATH = YES;
				SDKROOT = iphoneos;
				SWIFT_COMPILATION_MODE = wholemodule;
				SWIFT_OPTIMIZATION_LEVEL = "-O";
				VALIDATE_PRODUCT = YES;
			};
			name = Release;
		};
		CB30866027A7F948007BD093 /* Debug */ = {
			isa = XCBuildConfiguration;
			buildSettings = {
				ASSETCATALOG_COMPILER_APPICON_NAME = AppIcon;
				ASSETCATALOG_COMPILER_GLOBAL_ACCENT_COLOR_NAME = AccentColor;
				CODE_SIGN_STYLE = Automatic;
				CURRENT_PROJECT_VERSION = 1;
				DEVELOPMENT_ASSET_PATHS = "\"University/Preview Content\"";
				DEVELOPMENT_TEAM = HFD95R9VP2;
				ENABLE_PREVIEWS = YES;
				GENERATE_INFOPLIST_FILE = YES;
				INFOPLIST_FILE = University/Info.plist;
				INFOPLIST_KEY_UIApplicationSceneManifest_Generation = YES;
				INFOPLIST_KEY_UIApplicationSupportsIndirectInputEvents = YES;
				INFOPLIST_KEY_UILaunchScreen_Generation = YES;
				INFOPLIST_KEY_UISupportedInterfaceOrientations_iPad = "UIInterfaceOrientationPortrait UIInterfaceOrientationPortraitUpsideDown UIInterfaceOrientationLandscapeLeft UIInterfaceOrientationLandscapeRight";
				INFOPLIST_KEY_UISupportedInterfaceOrientations_iPhone = "UIInterfaceOrientationPortrait UIInterfaceOrientationLandscapeLeft UIInterfaceOrientationLandscapeRight";
				IPHONEOS_DEPLOYMENT_TARGET = 15.0;
				LD_RUNPATH_SEARCH_PATHS = (
					"$(inherited)",
					"@executable_path/Frameworks",
				);
				MARKETING_VERSION = 1.0;
				PRODUCT_BUNDLE_IDENTIFIER = Savinov.University;
				PRODUCT_NAME = "$(TARGET_NAME)";
				SWIFT_EMIT_LOC_STRINGS = YES;
				SWIFT_VERSION = 5.0;
				TARGETED_DEVICE_FAMILY = "1,2";
			};
			name = Debug;
		};
		CB30866127A7F948007BD093 /* Release */ = {
			isa = XCBuildConfiguration;
			buildSettings = {
				ASSETCATALOG_COMPILER_APPICON_NAME = AppIcon;
				ASSETCATALOG_COMPILER_GLOBAL_ACCENT_COLOR_NAME = AccentColor;
				CODE_SIGN_STYLE = Automatic;
				CURRENT_PROJECT_VERSION = 1;
				DEVELOPMENT_ASSET_PATHS = "\"University/Preview Content\"";
				DEVELOPMENT_TEAM = HFD95R9VP2;
				ENABLE_PREVIEWS = YES;
				GENERATE_INFOPLIST_FILE = YES;
				INFOPLIST_FILE = University/Info.plist;
				INFOPLIST_KEY_UIApplicationSceneManifest_Generation = YES;
				INFOPLIST_KEY_UIApplicationSupportsIndirectInputEvents = YES;
				INFOPLIST_KEY_UILaunchScreen_Generation = YES;
				INFOPLIST_KEY_UISupportedInterfaceOrientations_iPad = "UIInterfaceOrientationPortrait UIInterfaceOrientationPortraitUpsideDown UIInterfaceOrientationLandscapeLeft UIInterfaceOrientationLandscapeRight";
				INFOPLIST_KEY_UISupportedInterfaceOrientations_iPhone = "UIInterfaceOrientationPortrait UIInterfaceOrientationLandscapeLeft UIInterfaceOrientationLandscapeRight";
				IPHONEOS_DEPLOYMENT_TARGET = 15.0;
				LD_RUNPATH_SEARCH_PATHS = (
					"$(inherited)",
					"@executable_path/Frameworks",
				);
				MARKETING_VERSION = 1.0;
				PRODUCT_BUNDLE_IDENTIFIER = Savinov.University;
				PRODUCT_NAME = "$(TARGET_NAME)";
				SWIFT_EMIT_LOC_STRINGS = YES;
				SWIFT_VERSION = 5.0;
				TARGETED_DEVICE_FAMILY = "1,2";
			};
			name = Release;
		};
/* End XCBuildConfiguration section */

/* Begin XCConfigurationList section */
		CB30864C27A7F947007BD093 /* Build configuration list for PBXProject "University" */ = {
			isa = XCConfigurationList;
			buildConfigurations = (
				CB30865D27A7F948007BD093 /* Debug */,
				CB30865E27A7F948007BD093 /* Release */,
			);
			defaultConfigurationIsVisible = 0;
			defaultConfigurationName = Release;
		};
		CB30865F27A7F948007BD093 /* Build configuration list for PBXNativeTarget "University" */ = {
			isa = XCConfigurationList;
			buildConfigurations = (
				CB30866027A7F948007BD093 /* Debug */,
				CB30866127A7F948007BD093 /* Release */,
			);
			defaultConfigurationIsVisible = 0;
			defaultConfigurationName = Release;
		};
/* End XCConfigurationList section */

/* Begin XCRemoteSwiftPackageReference section */
		CB30866227A7F9E3007BD093 /* XCRemoteSwiftPackageReference "verse" */ = {
			isa = XCRemoteSwiftPackageReference;
			repositoryURL = "https://github.com/Incetro/verse";
			requirement = {
				branch = master;
				kind = branch;
			};
		};
/* End XCRemoteSwiftPackageReference section */

/* Begin XCSwiftPackageProductDependency section */
		CB30866327A7F9E3007BD093 /* VERSE */ = {
			isa = XCSwiftPackageProductDependency;
			package = CB30866227A7F9E3007BD093 /* XCRemoteSwiftPackageReference "verse" */;
			productName = VERSE;
		};
/* End XCSwiftPackageProductDependency section */
	};
	rootObject = CB30864927A7F947007BD093 /* Project object */;
}
